
Microsoft Visual Studio Solution File, Format Version 12.00
# Visual Studio Version 17
VisualStudioVersion = 17.1.32319.34
MinimumVisualStudioVersion = 10.0.40219.1
Project("{FAE04EC0-301F-11D3-BF4B-00C04F79EFBC}") = "Laboratory", "Laboratory\Laboratory.csproj", "{528986B0-AD0A-4BC8-9C76-D8916270535A}"
EndProject
Global
	GlobalSection(SolutionConfigurationPlatforms) = preSolution
		Debug|Any CPU = Debug|Any CPU
		Release|Any CPU = Release|Any CPU
	EndGlobalSection
	GlobalSection(ProjectConfigurationPlatforms) = postSolution
		{528986B0-AD0A-4BC8-9C76-D8916270535A}.Debug|Any CPU.ActiveCfg = Debug|Any CPU
		{528986B0-AD0A-4BC8-9C76-D8916270535A}.Debug|Any CPU.Build.0 = Debug|Any CPU
		{528986B0-AD0A-4BC8-9C76-D8916270535A}.Release|Any CPU.ActiveCfg = Release|Any CPU
		{528986B0-AD0A-4BC8-9C76-D8916270535A}.Release|Any CPU.Build.0 = Release|Any CPU
	EndGlobalSection
	GlobalSection(SolutionProperties) = preSolution
		HideSolutionNode = FALSE
	EndGlobalSection
	GlobalSection(ExtensibilityGlobals) = postSolution
		SolutionGuid = {B8498056-83C0-4795-890F-0CFEC2279818}
	EndGlobalSection
EndGlobal
